
Microsoft Visual Studio Solution File, Format Version 12.00
# Visual Studio Version 17
VisualStudioVersion = 17.5.33414.496
MinimumVisualStudioVersion = 10.0.40219.1
Project("{FAE04EC0-301F-11D3-BF4B-00C04F79EFBC}") = "TheButler.Core", "src\TheButler.Core\TheButler.Core.csproj", "{1F1A1463-EFDF-4FCD-B68B-2675371F3881}"
EndProject
Project("{FAE04EC0-301F-11D3-BF4B-00C04F79EFBC}") = "TheButler.Infrastructure", "src\TheButler.Infrastructure\TheButler.Infrastructure.csproj", "{62DEC0C8-1B02-4146-AE45-589C85A02982}"
EndProject
Project("{FAE04EC0-301F-11D3-BF4B-00C04F79EFBC}") = "TheButler.Api", "src\TheButler.Api\TheButler.Api.csproj", "{4130EBBE-740E-4869-A99D-F09E15131856}"
EndProject
Project("{2150E333-8FDC-42A3-9474-1A3956D46DE8}") = "tests", "tests", "{0AB3BF05-4346-4AA6-1389-037BE0695223}"
EndProject
Project("{FAE04EC0-301F-11D3-BF4B-00C04F79EFBC}") = "TheButler.Tests", "tests\TheButler.Tests\TheButler.Tests.csproj", "{D0F2F673-6BE5-422A-B97C-AAB7A547438B}"
EndProject
Global
	GlobalSection(SolutionConfigurationPlatforms) = preSolution
		Debug|Any CPU = Debug|Any CPU
		Debug|x64 = Debug|x64
		Debug|x86 = Debug|x86
		Release|Any CPU = Release|Any CPU
		Release|x64 = Release|x64
		Release|x86 = Release|x86
	EndGlobalSection
	GlobalSection(ProjectConfigurationPlatforms) = postSolution
		{1F1A1463-EFDF-4FCD-B68B-2675371F3881}.Debug|Any CPU.ActiveCfg = Debug|Any CPU
		{1F1A1463-EFDF-4FCD-B68B-2675371F3881}.Debug|Any CPU.Build.0 = Debug|Any CPU
		{1F1A1463-EFDF-4FCD-B68B-2675371F3881}.Debug|x64.ActiveCfg = Debug|Any CPU
		{1F1A1463-EFDF-4FCD-B68B-2675371F3881}.Debug|x64.Build.0 = Debug|Any CPU
		{1F1A1463-EFDF-4FCD-B68B-2675371F3881}.Debug|x86.ActiveCfg = Debug|Any CPU
		{1F1A1463-EFDF-4FCD-B68B-2675371F3881}.Debug|x86.Build.0 = Debug|Any CPU
		{1F1A1463-EFDF-4FCD-B68B-2675371F3881}.Release|Any CPU.ActiveCfg = Release|Any CPU
		{1F1A1463-EFDF-4FCD-B68B-2675371F3881}.Release|Any CPU.Build.0 = Release|Any CPU
		{1F1A1463-EFDF-4FCD-B68B-2675371F3881}.Release|x64.ActiveCfg = Release|Any CPU
		{1F1A1463-EFDF-4FCD-B68B-2675371F3881}.Release|x64.Build.0 = Release|Any CPU
		{1F1A1463-EFDF-4FCD-B68B-2675371F3881}.Release|x86.ActiveCfg = Release|Any CPU
		{1F1A1463-EFDF-4FCD-B68B-2675371F3881}.Release|x86.Build.0 = Release|Any CPU
		{62DEC0C8-1B02-4146-AE45-589C85A02982}.Debug|Any CPU.ActiveCfg = Debug|Any CPU
		{62DEC0C8-1B02-4146-AE45-589C85A02982}.Debug|Any CPU.Build.0 = Debug|Any CPU
		{62DEC0C8-1B02-4146-AE45-589C85A02982}.Debug|x64.ActiveCfg = Debug|Any CPU
		{62DEC0C8-1B02-4146-AE45-589C85A02982}.Debug|x64.Build.0 = Debug|Any CPU
		{62DEC0C8-1B02-4146-AE45-589C85A02982}.Debug|x86.ActiveCfg = Debug|Any CPU
		{62DEC0C8-1B02-4146-AE45-589C85A02982}.Debug|x86.Build.0 = Debug|Any CPU
		{62DEC0C8-1B02-4146-AE45-589C85A02982}.Release|Any CPU.ActiveCfg = Release|Any CPU
		{62DEC0C8-1B02-4146-AE45-589C85A02982}.Release|Any CPU.Build.0 = Release|Any CPU
		{62DEC0C8-1B02-4146-AE45-589C85A02982}.Release|x64.ActiveCfg = Release|Any CPU
		{62DEC0C8-1B02-4146-AE45-589C85A02982}.Release|x64.Build.0 = Release|Any CPU
		{62DEC0C8-1B02-4146-AE45-589C85A02982}.Release|x86.ActiveCfg = Release|Any CPU
		{62DEC0C8-1B02-4146-AE45-589C85A02982}.Release|x86.Build.0 = Release|Any CPU
		{4130EBBE-740E-4869-A99D-F09E15131856}.Debug|Any CPU.ActiveCfg = Debug|Any CPU
		{4130EBBE-740E-4869-A99D-F09E15131856}.Debug|Any CPU.Build.0 = Debug|Any CPU
		{4130EBBE-740E-4869-A99D-F09E15131856}.Debug|x64.ActiveCfg = Debug|Any CPU
		{4130EBBE-740E-4869-A99D-F09E15131856}.Debug|x64.Build.0 = Debug|Any CPU
		{4130EBBE-740E-4869-A99D-F09E15131856}.Debug|x86.ActiveCfg = Debug|Any CPU
		{4130EBBE-740E-4869-A99D-F09E15131856}.Debug|x86.Build.0 = Debug|Any CPU
		{4130EBBE-740E-4869-A99D-F09E15131856}.Release|Any CPU.ActiveCfg = Release|Any CPU
		{4130EBBE-740E-4869-A99D-F09E15131856}.Release|Any CPU.Build.0 = Release|Any CPU
		{4130EBBE-740E-4869-A99D-F09E15131856}.Release|x64.ActiveCfg = Release|Any CPU
		{4130EBBE-740E-4869-A99D-F09E15131856}.Release|x64.Build.0 = Release|Any CPU
		{4130EBBE-740E-4869-A99D-F09E15131856}.Release|x86.ActiveCfg = Release|Any CPU
		{4130EBBE-740E-4869-A99D-F09E15131856}.Release|x86.Build.0 = Release|Any CPU
		{D0F2F673-6BE5-422A-B97C-AAB7A547438B}.Debug|Any CPU.ActiveCfg = Debug|Any CPU
		{D0F2F673-6BE5-422A-B97C-AAB7A547438B}.Debug|Any CPU.Build.0 = Debug|Any CPU
		{D0F2F673-6BE5-422A-B97C-AAB7A547438B}.Debug|x64.ActiveCfg = Debug|Any CPU
		{D0F2F673-6BE5-422A-B97C-AAB7A547438B}.Debug|x64.Build.0 = Debug|Any CPU
		{D0F2F673-6BE5-422A-B97C-AAB7A547438B}.Debug|x86.ActiveCfg = Debug|Any CPU
		{D0F2F673-6BE5-422A-B97C-AAB7A547438B}.Debug|x86.Build.0 = Debug|Any CPU
		{D0F2F673-6BE5-422A-B97C-AAB7A547438B}.Release|Any CPU.ActiveCfg = Release|Any CPU
		{D0F2F673-6BE5-422A-B97C-AAB7A547438B}.Release|Any CPU.Build.0 = Release|Any CPU
		{D0F2F673-6BE5-422A-B97C-AAB7A547438B}.Release|x64.ActiveCfg = Release|Any CPU
		{D0F2F673-6BE5-422A-B97C-AAB7A547438B}.Release|x64.Build.0 = Release|Any CPU
		{D0F2F673-6BE5-422A-B97C-AAB7A547438B}.Release|x86.ActiveCfg = Release|Any CPU
		{D0F2F673-6BE5-422A-B97C-AAB7A547438B}.Release|x86.Build.0 = Release|Any CPU
	EndGlobalSection
	GlobalSection(SolutionProperties) = preSolution
		HideSolutionNode = FALSE
	EndGlobalSection
	GlobalSection(NestedProjects) = preSolution
		{D0F2F673-6BE5-422A-B97C-AAB7A547438B} = {0AB3BF05-4346-4AA6-1389-037BE0695223}
	EndGlobalSection
	GlobalSection(ExtensibilityGlobals) = postSolution
		SolutionGuid = {877288A6-2025-4D1D-9E24-7E66D4C16448}
	EndGlobalSection
EndGlobal
